
Microsoft Visual Studio Solution File, Format Version 12.00
# Visual Studio Version 17
VisualStudioVersion = 17.3.32901.215
MinimumVisualStudioVersion = 10.0.40219.1
Project("{9A19103F-16F7-4668-BE54-9A1E7A4F7556}") = "SharpHorizons", "SharpHorizons\SharpHorizons.csproj", "{DFCBEAA6-EB35-4C0B-815D-7FB3A3E42FFD}"
EndProject
Project("{2150E333-8FDC-42A3-9474-1A3956D46DE8}") = "Solution Items", "Solution Items", "{53DAD6D7-BF8F-416D-A011-EFCDE120810E}"
	ProjectSection(SolutionItems) = preProject
		..\.editorconfig = ..\.editorconfig
		Directory.Build.props = Directory.Build.props
		Directory.Build.targets = Directory.Build.targets
		..\SharpHorizons.Build.props = ..\SharpHorizons.Build.props
	EndProjectSection
EndProject
Project("{9A19103F-16F7-4668-BE54-9A1E7A4F7556}") = "SharpHorizons.Tests", "SharpHorizons.Tests\SharpHorizons.Tests.csproj", "{DFAB5A91-C4F5-4D0D-B269-1B73952C27D0}"
EndProject
Project("{9A19103F-16F7-4668-BE54-9A1E7A4F7556}") = "SharpHorizons.Samples", "SharpHorizons.Samples\SharpHorizons.Samples.csproj", "{F46EBCC8-DDB7-4920-89DD-5DDB8780A787}"
EndProject
Project("{9A19103F-16F7-4668-BE54-9A1E7A4F7556}") = "SharpHorizons.Utility", "SharpHorizons.Utility\SharpHorizons.Utility.csproj", "{12E17FD0-F7C2-4CEF-80A0-EAC1C967DA7A}"
EndProject
Project("{9A19103F-16F7-4668-BE54-9A1E7A4F7556}") = "SharpHorizons.Epoch", "SharpHorizons.Epoch\SharpHorizons.Epoch.csproj", "{0499C047-6600-489B-9C7F-0ABE8FD48E81}"
EndProject
Project("{9A19103F-16F7-4668-BE54-9A1E7A4F7556}") = "SharpHorizons.Identity", "SharpHorizons.Identity\SharpHorizons.Identity.csproj", "{9401996C-F6AC-44E0-991E-00E39AA0146F}"
EndProject
Project("{9A19103F-16F7-4668-BE54-9A1E7A4F7556}") = "SharpHorizons.Ephemeris", "SharpHorizons.Ephemeris\SharpHorizons.Ephemeris.csproj", "{ACC2F6B9-6E35-48FB-B93E-DB043FBAAFDC}"
EndProject
Project("{9A19103F-16F7-4668-BE54-9A1E7A4F7556}") = "SharpHorizons.Query.Abstractions", "SharpHorizons.Query.Abstractions\SharpHorizons.Query.Abstractions.csproj", "{A2267D42-2756-4C01-A092-F68B47E1DEC6}"
EndProject
Project("{9A19103F-16F7-4668-BE54-9A1E7A4F7556}") = "SharpHorizons.Interpretation.Abstractions", "SharpHorizons.Interpretation.Abstractions\SharpHorizons.Interpretation.Abstractions.csproj", "{1D412248-8911-4E76-8AD7-6B3475E92896}"
EndProject
Project("{9A19103F-16F7-4668-BE54-9A1E7A4F7556}") = "SharpHorizons.Interpretation", "SharpHorizons.Interpretation\SharpHorizons.Interpretation.csproj", "{47887677-F484-4673-993E-00D5F185C15F}"
EndProject
Project("{9A19103F-16F7-4668-BE54-9A1E7A4F7556}") = "SharpHorizons.Interpretation.Domain", "SharpHorizons.Interpretation.Domain\SharpHorizons.Interpretation.Domain.csproj", "{5C715CF6-2663-4156-84C6-F206092AAFE3}"
EndProject
Project("{9A19103F-16F7-4668-BE54-9A1E7A4F7556}") = "SharpHorizons.Query.Domain", "SharpHorizons.Query.Domain\SharpHorizons.Query.Domain.csproj", "{6B4AE9E1-8100-40C8-95BF-466963D9BAE7}"
EndProject
Project("{9A19103F-16F7-4668-BE54-9A1E7A4F7556}") = "SharpHorizons.Query", "SharpHorizons.Query\SharpHorizons.Query.csproj", "{E239F96F-A1F2-4387-A46B-FA9A683AB414}"
EndProject
Project("{FAE04EC0-301F-11D3-BF4B-00C04F79EFBC}") = "SharpHorizons.Query.HTTP.Domain", "SharpHorizons.Query.HTTP.Domain\SharpHorizons.Query.HTTP.Domain.csproj", "{4B386F1E-5F3A-4BFA-8820-2A5EC1A4C54C}"
EndProject
Project("{FAE04EC0-301F-11D3-BF4B-00C04F79EFBC}") = "SharpHorizons.Query.HTTP.Abstractions", "SharpHorizons.Query.HTTP.Abstractions\SharpHorizons.Query.HTTP.Abstractions.csproj", "{1F3DD3DF-C3DC-41DB-8AC7-C874D8FF5E31}"
EndProject
Project("{FAE04EC0-301F-11D3-BF4B-00C04F79EFBC}") = "SharpHorizons.Query.HTTP", "SharpHorizons.Query.HTTP\SharpHorizons.Query.HTTP.csproj", "{000FED0B-554D-448E-AD18-7CAD5256B514}"
EndProject
Project("{FAE04EC0-301F-11D3-BF4B-00C04F79EFBC}") = "SharpHorizons.Query.Fluency.Domain", "SharpHorizons.Query.Fluency.Domain\SharpHorizons.Query.Fluency.Domain.csproj", "{0C8C5CDA-9005-4CB4-8E0A-73678A62B636}"
EndProject
Project("{FAE04EC0-301F-11D3-BF4B-00C04F79EFBC}") = "SharpHorizons.Query.Fluency.Abstractions", "SharpHorizons.Query.Fluency.Abstractions\SharpHorizons.Query.Fluency.Abstractions.csproj", "{34D40895-24F8-4CA4-B0F6-61BB5CAEA394}"
EndProject
Project("{FAE04EC0-301F-11D3-BF4B-00C04F79EFBC}") = "SharpHorizons.Query.Fluency", "SharpHorizons.Query.Fluency\SharpHorizons.Query.Fluency.csproj", "{A8250513-414A-4102-AD07-AAC226761F5C}"
EndProject
Project("{FAE04EC0-301F-11D3-BF4B-00C04F79EFBC}") = "SharpHorizons.Query.Common", "SharpHorizons.Query.Common\SharpHorizons.Query.Common.csproj", "{F784A3D1-2D6C-421E-91E4-4C93F5963EC6}"
EndProject
Global
	GlobalSection(SolutionConfigurationPlatforms) = preSolution
		Debug|Any CPU = Debug|Any CPU
		Release|Any CPU = Release|Any CPU
	EndGlobalSection
	GlobalSection(ProjectConfigurationPlatforms) = postSolution
		{DFCBEAA6-EB35-4C0B-815D-7FB3A3E42FFD}.Debug|Any CPU.ActiveCfg = Debug|Any CPU
		{DFCBEAA6-EB35-4C0B-815D-7FB3A3E42FFD}.Debug|Any CPU.Build.0 = Debug|Any CPU
		{DFCBEAA6-EB35-4C0B-815D-7FB3A3E42FFD}.Release|Any CPU.ActiveCfg = Release|Any CPU
		{DFCBEAA6-EB35-4C0B-815D-7FB3A3E42FFD}.Release|Any CPU.Build.0 = Release|Any CPU
		{DFAB5A91-C4F5-4D0D-B269-1B73952C27D0}.Debug|Any CPU.ActiveCfg = Debug|Any CPU
		{DFAB5A91-C4F5-4D0D-B269-1B73952C27D0}.Debug|Any CPU.Build.0 = Debug|Any CPU
		{DFAB5A91-C4F5-4D0D-B269-1B73952C27D0}.Release|Any CPU.ActiveCfg = Release|Any CPU
		{DFAB5A91-C4F5-4D0D-B269-1B73952C27D0}.Release|Any CPU.Build.0 = Release|Any CPU
		{F46EBCC8-DDB7-4920-89DD-5DDB8780A787}.Debug|Any CPU.ActiveCfg = Debug|Any CPU
		{F46EBCC8-DDB7-4920-89DD-5DDB8780A787}.Debug|Any CPU.Build.0 = Debug|Any CPU
		{F46EBCC8-DDB7-4920-89DD-5DDB8780A787}.Release|Any CPU.ActiveCfg = Release|Any CPU
		{F46EBCC8-DDB7-4920-89DD-5DDB8780A787}.Release|Any CPU.Build.0 = Release|Any CPU
		{12E17FD0-F7C2-4CEF-80A0-EAC1C967DA7A}.Debug|Any CPU.ActiveCfg = Debug|Any CPU
		{12E17FD0-F7C2-4CEF-80A0-EAC1C967DA7A}.Debug|Any CPU.Build.0 = Debug|Any CPU
		{12E17FD0-F7C2-4CEF-80A0-EAC1C967DA7A}.Release|Any CPU.ActiveCfg = Release|Any CPU
		{12E17FD0-F7C2-4CEF-80A0-EAC1C967DA7A}.Release|Any CPU.Build.0 = Release|Any CPU
		{0499C047-6600-489B-9C7F-0ABE8FD48E81}.Debug|Any CPU.ActiveCfg = Debug|Any CPU
		{0499C047-6600-489B-9C7F-0ABE8FD48E81}.Debug|Any CPU.Build.0 = Debug|Any CPU
		{0499C047-6600-489B-9C7F-0ABE8FD48E81}.Release|Any CPU.ActiveCfg = Release|Any CPU
		{0499C047-6600-489B-9C7F-0ABE8FD48E81}.Release|Any CPU.Build.0 = Release|Any CPU
		{9401996C-F6AC-44E0-991E-00E39AA0146F}.Debug|Any CPU.ActiveCfg = Debug|Any CPU
		{9401996C-F6AC-44E0-991E-00E39AA0146F}.Debug|Any CPU.Build.0 = Debug|Any CPU
		{9401996C-F6AC-44E0-991E-00E39AA0146F}.Release|Any CPU.ActiveCfg = Release|Any CPU
		{9401996C-F6AC-44E0-991E-00E39AA0146F}.Release|Any CPU.Build.0 = Release|Any CPU
		{ACC2F6B9-6E35-48FB-B93E-DB043FBAAFDC}.Debug|Any CPU.ActiveCfg = Debug|Any CPU
		{ACC2F6B9-6E35-48FB-B93E-DB043FBAAFDC}.Debug|Any CPU.Build.0 = Debug|Any CPU
		{ACC2F6B9-6E35-48FB-B93E-DB043FBAAFDC}.Release|Any CPU.ActiveCfg = Release|Any CPU
		{ACC2F6B9-6E35-48FB-B93E-DB043FBAAFDC}.Release|Any CPU.Build.0 = Release|Any CPU
		{A2267D42-2756-4C01-A092-F68B47E1DEC6}.Debug|Any CPU.ActiveCfg = Debug|Any CPU
		{A2267D42-2756-4C01-A092-F68B47E1DEC6}.Debug|Any CPU.Build.0 = Debug|Any CPU
		{A2267D42-2756-4C01-A092-F68B47E1DEC6}.Release|Any CPU.ActiveCfg = Release|Any CPU
		{A2267D42-2756-4C01-A092-F68B47E1DEC6}.Release|Any CPU.Build.0 = Release|Any CPU
		{1D412248-8911-4E76-8AD7-6B3475E92896}.Debug|Any CPU.ActiveCfg = Debug|Any CPU
		{1D412248-8911-4E76-8AD7-6B3475E92896}.Debug|Any CPU.Build.0 = Debug|Any CPU
		{1D412248-8911-4E76-8AD7-6B3475E92896}.Release|Any CPU.ActiveCfg = Release|Any CPU
		{1D412248-8911-4E76-8AD7-6B3475E92896}.Release|Any CPU.Build.0 = Release|Any CPU
		{47887677-F484-4673-993E-00D5F185C15F}.Debug|Any CPU.ActiveCfg = Debug|Any CPU
		{47887677-F484-4673-993E-00D5F185C15F}.Debug|Any CPU.Build.0 = Debug|Any CPU
		{47887677-F484-4673-993E-00D5F185C15F}.Release|Any CPU.ActiveCfg = Release|Any CPU
		{47887677-F484-4673-993E-00D5F185C15F}.Release|Any CPU.Build.0 = Release|Any CPU
		{5C715CF6-2663-4156-84C6-F206092AAFE3}.Debug|Any CPU.ActiveCfg = Debug|Any CPU
		{5C715CF6-2663-4156-84C6-F206092AAFE3}.Debug|Any CPU.Build.0 = Debug|Any CPU
		{5C715CF6-2663-4156-84C6-F206092AAFE3}.Release|Any CPU.ActiveCfg = Release|Any CPU
		{5C715CF6-2663-4156-84C6-F206092AAFE3}.Release|Any CPU.Build.0 = Release|Any CPU
		{6B4AE9E1-8100-40C8-95BF-466963D9BAE7}.Debug|Any CPU.ActiveCfg = Debug|Any CPU
		{6B4AE9E1-8100-40C8-95BF-466963D9BAE7}.Debug|Any CPU.Build.0 = Debug|Any CPU
		{6B4AE9E1-8100-40C8-95BF-466963D9BAE7}.Release|Any CPU.ActiveCfg = Release|Any CPU
		{6B4AE9E1-8100-40C8-95BF-466963D9BAE7}.Release|Any CPU.Build.0 = Release|Any CPU
		{E239F96F-A1F2-4387-A46B-FA9A683AB414}.Debug|Any CPU.ActiveCfg = Debug|Any CPU
		{E239F96F-A1F2-4387-A46B-FA9A683AB414}.Debug|Any CPU.Build.0 = Debug|Any CPU
		{E239F96F-A1F2-4387-A46B-FA9A683AB414}.Release|Any CPU.ActiveCfg = Release|Any CPU
		{E239F96F-A1F2-4387-A46B-FA9A683AB414}.Release|Any CPU.Build.0 = Release|Any CPU
		{4B386F1E-5F3A-4BFA-8820-2A5EC1A4C54C}.Debug|Any CPU.ActiveCfg = Debug|Any CPU
		{4B386F1E-5F3A-4BFA-8820-2A5EC1A4C54C}.Debug|Any CPU.Build.0 = Debug|Any CPU
		{4B386F1E-5F3A-4BFA-8820-2A5EC1A4C54C}.Release|Any CPU.ActiveCfg = Release|Any CPU
		{4B386F1E-5F3A-4BFA-8820-2A5EC1A4C54C}.Release|Any CPU.Build.0 = Release|Any CPU
		{1F3DD3DF-C3DC-41DB-8AC7-C874D8FF5E31}.Debug|Any CPU.ActiveCfg = Debug|Any CPU
		{1F3DD3DF-C3DC-41DB-8AC7-C874D8FF5E31}.Debug|Any CPU.Build.0 = Debug|Any CPU
		{1F3DD3DF-C3DC-41DB-8AC7-C874D8FF5E31}.Release|Any CPU.ActiveCfg = Release|Any CPU
		{1F3DD3DF-C3DC-41DB-8AC7-C874D8FF5E31}.Release|Any CPU.Build.0 = Release|Any CPU
		{000FED0B-554D-448E-AD18-7CAD5256B514}.Debug|Any CPU.ActiveCfg = Debug|Any CPU
		{000FED0B-554D-448E-AD18-7CAD5256B514}.Debug|Any CPU.Build.0 = Debug|Any CPU
		{000FED0B-554D-448E-AD18-7CAD5256B514}.Release|Any CPU.ActiveCfg = Release|Any CPU
		{000FED0B-554D-448E-AD18-7CAD5256B514}.Release|Any CPU.Build.0 = Release|Any CPU
		{0C8C5CDA-9005-4CB4-8E0A-73678A62B636}.Debug|Any CPU.ActiveCfg = Debug|Any CPU
		{0C8C5CDA-9005-4CB4-8E0A-73678A62B636}.Debug|Any CPU.Build.0 = Debug|Any CPU
		{0C8C5CDA-9005-4CB4-8E0A-73678A62B636}.Release|Any CPU.ActiveCfg = Release|Any CPU
		{0C8C5CDA-9005-4CB4-8E0A-73678A62B636}.Release|Any CPU.Build.0 = Release|Any CPU
		{34D40895-24F8-4CA4-B0F6-61BB5CAEA394}.Debug|Any CPU.ActiveCfg = Debug|Any CPU
		{34D40895-24F8-4CA4-B0F6-61BB5CAEA394}.Debug|Any CPU.Build.0 = Debug|Any CPU
		{34D40895-24F8-4CA4-B0F6-61BB5CAEA394}.Release|Any CPU.ActiveCfg = Release|Any CPU
		{34D40895-24F8-4CA4-B0F6-61BB5CAEA394}.Release|Any CPU.Build.0 = Release|Any CPU
		{A8250513-414A-4102-AD07-AAC226761F5C}.Debug|Any CPU.ActiveCfg = Debug|Any CPU
		{A8250513-414A-4102-AD07-AAC226761F5C}.Debug|Any CPU.Build.0 = Debug|Any CPU
		{A8250513-414A-4102-AD07-AAC226761F5C}.Release|Any CPU.ActiveCfg = Release|Any CPU
		{A8250513-414A-4102-AD07-AAC226761F5C}.Release|Any CPU.Build.0 = Release|Any CPU
		{F784A3D1-2D6C-421E-91E4-4C93F5963EC6}.Debug|Any CPU.ActiveCfg = Debug|Any CPU
		{F784A3D1-2D6C-421E-91E4-4C93F5963EC6}.Debug|Any CPU.Build.0 = Debug|Any CPU
		{F784A3D1-2D6C-421E-91E4-4C93F5963EC6}.Release|Any CPU.ActiveCfg = Release|Any CPU
		{F784A3D1-2D6C-421E-91E4-4C93F5963EC6}.Release|Any CPU.Build.0 = Release|Any CPU
	EndGlobalSection
	GlobalSection(SolutionProperties) = preSolution
		HideSolutionNode = FALSE
	EndGlobalSection
	GlobalSection(ExtensibilityGlobals) = postSolution
		SolutionGuid = {716A044B-8EC5-4721-A13C-D3776F20C74D}
	EndGlobalSection
EndGlobal
