
Microsoft Visual Studio Solution File, Format Version 12.00
# Visual Studio Version 17
VisualStudioVersion = 17.3.32901.215
MinimumVisualStudioVersion = 10.0.40219.1
Project("{9A19103F-16F7-4668-BE54-9A1E7A4F7556}") = "SharpHorizons", "SharpHorizons\SharpHorizons.csproj", "{DFCBEAA6-EB35-4C0B-815D-7FB3A3E42FFD}"
EndProject
Project("{2150E333-8FDC-42A3-9474-1A3956D46DE8}") = "Solution Items", "Solution Items", "{53DAD6D7-BF8F-416D-A011-EFCDE120810E}"
	ProjectSection(SolutionItems) = preProject
		..\.editorconfig = ..\.editorconfig
		Directory.Build.props = Directory.Build.props
		Directory.Build.targets = Directory.Build.targets
		..\SharpHorizons.Build.props = ..\SharpHorizons.Build.props
	EndProjectSection
EndProject
Project("{9A19103F-16F7-4668-BE54-9A1E7A4F7556}") = "SharpHorizons.Tests", "SharpHorizons.Tests\SharpHorizons.Tests.csproj", "{DFAB5A91-C4F5-4D0D-B269-1B73952C27D0}"
EndProject
Project("{9A19103F-16F7-4668-BE54-9A1E7A4F7556}") = "SharpHorizons.Samples", "SharpHorizons.Samples\SharpHorizons.Samples.csproj", "{F46EBCC8-DDB7-4920-89DD-5DDB8780A787}"
EndProject
Project("{9A19103F-16F7-4668-BE54-9A1E7A4F7556}") = "SharpHorizons.Abstractions", "SharpHorizons.Abstractions\SharpHorizons.Abstractions.csproj", "{0DD85802-2055-4053-9233-0EE03BFB2560}"
EndProject
Project("{9A19103F-16F7-4668-BE54-9A1E7A4F7556}") = "SharpHorizons.Query", "SharpHorizons.Query\SharpHorizons.Query.csproj", "{5115FAB3-BF66-428D-9512-A7F7CDF67177}"
EndProject
Project("{9A19103F-16F7-4668-BE54-9A1E7A4F7556}") = "SharpHorizons.Interpretation", "SharpHorizons.Interpretation\SharpHorizons.Interpretation.csproj", "{B8DE38FF-1ADE-4F82-A357-A42963FBF7FC}"
EndProject
Project("{9A19103F-16F7-4668-BE54-9A1E7A4F7556}") = "SharpHorizons.Prototype", "SharpHorizons.Prototype\SharpHorizons.Prototype.csproj", "{188ABBCB-9674-46D7-B85A-7629ED6DDA4F}"
EndProject
Project("{9A19103F-16F7-4668-BE54-9A1E7A4F7556}") = "SharpHorizons.Utility", "SharpHorizons.Utility\SharpHorizons.Utility.csproj", "{12E17FD0-F7C2-4CEF-80A0-EAC1C967DA7A}"
EndProject
Project("{9A19103F-16F7-4668-BE54-9A1E7A4F7556}") = "SharpHorizons.Epoch", "SharpHorizons.Epoch\SharpHorizons.Epoch.csproj", "{0499C047-6600-489B-9C7F-0ABE8FD48E81}"
EndProject
Project("{9A19103F-16F7-4668-BE54-9A1E7A4F7556}") = "SharpHorizons.Identity", "SharpHorizons.Identity\SharpHorizons.Identity.csproj", "{9401996C-F6AC-44E0-991E-00E39AA0146F}"
EndProject
Project("{9A19103F-16F7-4668-BE54-9A1E7A4F7556}") = "SharpHorizons.Ephemeris", "SharpHorizons.Ephemeris\SharpHorizons.Ephemeris.csproj", "{ACC2F6B9-6E35-48FB-B93E-DB043FBAAFDC}"
EndProject
Global
	GlobalSection(SolutionConfigurationPlatforms) = preSolution
		Debug|Any CPU = Debug|Any CPU
		Release|Any CPU = Release|Any CPU
	EndGlobalSection
	GlobalSection(ProjectConfigurationPlatforms) = postSolution
		{DFCBEAA6-EB35-4C0B-815D-7FB3A3E42FFD}.Debug|Any CPU.ActiveCfg = Debug|Any CPU
		{DFCBEAA6-EB35-4C0B-815D-7FB3A3E42FFD}.Debug|Any CPU.Build.0 = Debug|Any CPU
		{DFCBEAA6-EB35-4C0B-815D-7FB3A3E42FFD}.Release|Any CPU.ActiveCfg = Release|Any CPU
		{DFCBEAA6-EB35-4C0B-815D-7FB3A3E42FFD}.Release|Any CPU.Build.0 = Release|Any CPU
		{DFAB5A91-C4F5-4D0D-B269-1B73952C27D0}.Debug|Any CPU.ActiveCfg = Debug|Any CPU
		{DFAB5A91-C4F5-4D0D-B269-1B73952C27D0}.Debug|Any CPU.Build.0 = Debug|Any CPU
		{DFAB5A91-C4F5-4D0D-B269-1B73952C27D0}.Release|Any CPU.ActiveCfg = Release|Any CPU
		{DFAB5A91-C4F5-4D0D-B269-1B73952C27D0}.Release|Any CPU.Build.0 = Release|Any CPU
		{F46EBCC8-DDB7-4920-89DD-5DDB8780A787}.Debug|Any CPU.ActiveCfg = Debug|Any CPU
		{F46EBCC8-DDB7-4920-89DD-5DDB8780A787}.Debug|Any CPU.Build.0 = Debug|Any CPU
		{F46EBCC8-DDB7-4920-89DD-5DDB8780A787}.Release|Any CPU.ActiveCfg = Release|Any CPU
		{F46EBCC8-DDB7-4920-89DD-5DDB8780A787}.Release|Any CPU.Build.0 = Release|Any CPU
		{0DD85802-2055-4053-9233-0EE03BFB2560}.Debug|Any CPU.ActiveCfg = Debug|Any CPU
		{0DD85802-2055-4053-9233-0EE03BFB2560}.Debug|Any CPU.Build.0 = Debug|Any CPU
		{0DD85802-2055-4053-9233-0EE03BFB2560}.Release|Any CPU.ActiveCfg = Release|Any CPU
		{0DD85802-2055-4053-9233-0EE03BFB2560}.Release|Any CPU.Build.0 = Release|Any CPU
		{5115FAB3-BF66-428D-9512-A7F7CDF67177}.Debug|Any CPU.ActiveCfg = Debug|Any CPU
		{5115FAB3-BF66-428D-9512-A7F7CDF67177}.Debug|Any CPU.Build.0 = Debug|Any CPU
		{5115FAB3-BF66-428D-9512-A7F7CDF67177}.Release|Any CPU.ActiveCfg = Release|Any CPU
		{5115FAB3-BF66-428D-9512-A7F7CDF67177}.Release|Any CPU.Build.0 = Release|Any CPU
		{B8DE38FF-1ADE-4F82-A357-A42963FBF7FC}.Debug|Any CPU.ActiveCfg = Debug|Any CPU
		{B8DE38FF-1ADE-4F82-A357-A42963FBF7FC}.Debug|Any CPU.Build.0 = Debug|Any CPU
		{B8DE38FF-1ADE-4F82-A357-A42963FBF7FC}.Release|Any CPU.ActiveCfg = Release|Any CPU
		{B8DE38FF-1ADE-4F82-A357-A42963FBF7FC}.Release|Any CPU.Build.0 = Release|Any CPU
		{188ABBCB-9674-46D7-B85A-7629ED6DDA4F}.Debug|Any CPU.ActiveCfg = Debug|Any CPU
		{188ABBCB-9674-46D7-B85A-7629ED6DDA4F}.Debug|Any CPU.Build.0 = Debug|Any CPU
		{188ABBCB-9674-46D7-B85A-7629ED6DDA4F}.Release|Any CPU.ActiveCfg = Release|Any CPU
		{188ABBCB-9674-46D7-B85A-7629ED6DDA4F}.Release|Any CPU.Build.0 = Release|Any CPU
		{12E17FD0-F7C2-4CEF-80A0-EAC1C967DA7A}.Debug|Any CPU.ActiveCfg = Debug|Any CPU
		{12E17FD0-F7C2-4CEF-80A0-EAC1C967DA7A}.Debug|Any CPU.Build.0 = Debug|Any CPU
		{12E17FD0-F7C2-4CEF-80A0-EAC1C967DA7A}.Release|Any CPU.ActiveCfg = Release|Any CPU
		{12E17FD0-F7C2-4CEF-80A0-EAC1C967DA7A}.Release|Any CPU.Build.0 = Release|Any CPU
		{0499C047-6600-489B-9C7F-0ABE8FD48E81}.Debug|Any CPU.ActiveCfg = Debug|Any CPU
		{0499C047-6600-489B-9C7F-0ABE8FD48E81}.Debug|Any CPU.Build.0 = Debug|Any CPU
		{0499C047-6600-489B-9C7F-0ABE8FD48E81}.Release|Any CPU.ActiveCfg = Release|Any CPU
		{0499C047-6600-489B-9C7F-0ABE8FD48E81}.Release|Any CPU.Build.0 = Release|Any CPU
		{9401996C-F6AC-44E0-991E-00E39AA0146F}.Debug|Any CPU.ActiveCfg = Debug|Any CPU
		{9401996C-F6AC-44E0-991E-00E39AA0146F}.Debug|Any CPU.Build.0 = Debug|Any CPU
		{9401996C-F6AC-44E0-991E-00E39AA0146F}.Release|Any CPU.ActiveCfg = Release|Any CPU
		{9401996C-F6AC-44E0-991E-00E39AA0146F}.Release|Any CPU.Build.0 = Release|Any CPU
		{ACC2F6B9-6E35-48FB-B93E-DB043FBAAFDC}.Debug|Any CPU.ActiveCfg = Debug|Any CPU
		{ACC2F6B9-6E35-48FB-B93E-DB043FBAAFDC}.Debug|Any CPU.Build.0 = Debug|Any CPU
		{ACC2F6B9-6E35-48FB-B93E-DB043FBAAFDC}.Release|Any CPU.ActiveCfg = Release|Any CPU
		{ACC2F6B9-6E35-48FB-B93E-DB043FBAAFDC}.Release|Any CPU.Build.0 = Release|Any CPU
	EndGlobalSection
	GlobalSection(SolutionProperties) = preSolution
		HideSolutionNode = FALSE
	EndGlobalSection
	GlobalSection(ExtensibilityGlobals) = postSolution
		SolutionGuid = {716A044B-8EC5-4721-A13C-D3776F20C74D}
	EndGlobalSection
EndGlobal
