
Microsoft Visual Studio Solution File, Format Version 12.00
# Visual Studio Version 17
VisualStudioVersion = 17.3.32901.215
MinimumVisualStudioVersion = 10.0.40219.1
Project("{2150E333-8FDC-42A3-9474-1A3956D46DE8}") = "Solution Items", "Solution Items", "{53DAD6D7-BF8F-416D-A011-EFCDE120810E}"
	ProjectSection(SolutionItems) = preProject
		.editorconfig = .editorconfig
		Directory.Build.props = Directory.Build.props
		Directory.Build.targets = Directory.Build.targets
	EndProjectSection
EndProject
Project("{9A19103F-16F7-4668-BE54-9A1E7A4F7556}") = "SharpHorizons", "src\SharpHorizons\SharpHorizons.csproj", "{35151DE0-767A-424F-9CDD-114FFC85A0E8}"
EndProject
Project("{9A19103F-16F7-4668-BE54-9A1E7A4F7556}") = "SharpHorizons.Ephemeris", "src\SharpHorizons.Ephemeris\SharpHorizons.Ephemeris.csproj", "{E1D6A171-7D28-4939-B758-1941B98585CD}"
EndProject
Project("{9A19103F-16F7-4668-BE54-9A1E7A4F7556}") = "SharpHorizons.Epoch", "src\SharpHorizons.Epoch\SharpHorizons.Epoch.csproj", "{33B885FC-9F81-4A38-B7CC-4DC12A88D47B}"
EndProject
Project("{9A19103F-16F7-4668-BE54-9A1E7A4F7556}") = "SharpHorizons.Identity", "src\SharpHorizons.Identity\SharpHorizons.Identity.csproj", "{C1F8FA04-6064-42C2-90A6-E82907817E34}"
EndProject
Project("{9A19103F-16F7-4668-BE54-9A1E7A4F7556}") = "SharpHorizons.Interpretation", "src\SharpHorizons.Interpretation\SharpHorizons.Interpretation.csproj", "{B5D7B1FF-F06F-4982-83AC-AA4F2D7AF2FB}"
EndProject
Project("{9A19103F-16F7-4668-BE54-9A1E7A4F7556}") = "SharpHorizons.Interpretation.Abstractions", "src\SharpHorizons.Interpretation.Abstractions\SharpHorizons.Interpretation.Abstractions.csproj", "{5E2BDC13-FFDD-4ED3-9D19-3975B7084408}"
EndProject
Project("{9A19103F-16F7-4668-BE54-9A1E7A4F7556}") = "SharpHorizons.Interpretation.Domain", "src\SharpHorizons.Interpretation.Domain\SharpHorizons.Interpretation.Domain.csproj", "{EE3A3F48-2DE4-454E-8B63-2E551E8EE04A}"
EndProject
Project("{9A19103F-16F7-4668-BE54-9A1E7A4F7556}") = "SharpHorizons.Query", "src\SharpHorizons.Query\SharpHorizons.Query.csproj", "{60081264-8A7A-4ABB-A50C-BA777628FC47}"
EndProject
Project("{9A19103F-16F7-4668-BE54-9A1E7A4F7556}") = "SharpHorizons.Query.Abstractions", "src\SharpHorizons.Query.Abstractions\SharpHorizons.Query.Abstractions.csproj", "{808D9C64-C0AF-4A38-8223-B81EFF621309}"
EndProject
Project("{9A19103F-16F7-4668-BE54-9A1E7A4F7556}") = "SharpHorizons.Query.Domain", "src\SharpHorizons.Query.Domain\SharpHorizons.Query.Domain.csproj", "{F03A07EA-BFD8-40C2-821B-EF2FAC54BCD4}"
EndProject
Project("{9A19103F-16F7-4668-BE54-9A1E7A4F7556}") = "SharpHorizons.Query.Fluency", "src\SharpHorizons.Query.Fluency\SharpHorizons.Query.Fluency.csproj", "{8BED1CFA-DD8E-4A47-B3AE-D4D78AD8678E}"
EndProject
Project("{9A19103F-16F7-4668-BE54-9A1E7A4F7556}") = "SharpHorizons.Query.Fluency.Abstractions", "src\SharpHorizons.Query.Fluency.Abstractions\SharpHorizons.Query.Fluency.Abstractions.csproj", "{64BF33A5-56F0-474D-A88B-25F22B3B7578}"
EndProject
Project("{9A19103F-16F7-4668-BE54-9A1E7A4F7556}") = "SharpHorizons.Query.Fluency.Domain", "src\SharpHorizons.Query.Fluency.Domain\SharpHorizons.Query.Fluency.Domain.csproj", "{4340E373-AB9F-4A8C-9A60-6AD91AF5099E}"
EndProject
Project("{9A19103F-16F7-4668-BE54-9A1E7A4F7556}") = "SharpHorizons.Query.HTTP", "src\SharpHorizons.Query.HTTP\SharpHorizons.Query.HTTP.csproj", "{0B60B0CE-845A-404E-891E-EB22B5E78F3B}"
EndProject
Project("{9A19103F-16F7-4668-BE54-9A1E7A4F7556}") = "SharpHorizons.Query.HTTP.Abstractions", "src\SharpHorizons.Query.HTTP.Abstractions\SharpHorizons.Query.HTTP.Abstractions.csproj", "{DD79431F-C374-4C1A-9666-27723F27F7FC}"
EndProject
Project("{9A19103F-16F7-4668-BE54-9A1E7A4F7556}") = "SharpHorizons.Query.HTTP.Domain", "src\SharpHorizons.Query.HTTP.Domain\SharpHorizons.Query.HTTP.Domain.csproj", "{5DE2E1D9-B728-4FBC-8A6F-AD714A71F452}"
EndProject
Project("{9A19103F-16F7-4668-BE54-9A1E7A4F7556}") = "SharpHorizons.Samples", "src\SharpHorizons.Samples\SharpHorizons.Samples.csproj", "{8CD7F038-0070-4058-906D-87189796F77A}"
EndProject
Project("{9A19103F-16F7-4668-BE54-9A1E7A4F7556}") = "SharpHorizons.Tests", "src\SharpHorizons.Tests\SharpHorizons.Tests.csproj", "{94741CF7-69B5-4B3C-BCAE-3A6A125172E5}"
EndProject
Project("{9A19103F-16F7-4668-BE54-9A1E7A4F7556}") = "SharpHorizons.Utility", "src\SharpHorizons.Utility\SharpHorizons.Utility.csproj", "{D30D1523-EC34-4470-BD36-2F196E035C8C}"
EndProject
Global
	GlobalSection(SolutionConfigurationPlatforms) = preSolution
		Debug|Any CPU = Debug|Any CPU
		Release|Any CPU = Release|Any CPU
	EndGlobalSection
	GlobalSection(ProjectConfigurationPlatforms) = postSolution
		{35151DE0-767A-424F-9CDD-114FFC85A0E8}.Debug|Any CPU.ActiveCfg = Debug|Any CPU
		{35151DE0-767A-424F-9CDD-114FFC85A0E8}.Debug|Any CPU.Build.0 = Debug|Any CPU
		{35151DE0-767A-424F-9CDD-114FFC85A0E8}.Release|Any CPU.ActiveCfg = Release|Any CPU
		{35151DE0-767A-424F-9CDD-114FFC85A0E8}.Release|Any CPU.Build.0 = Release|Any CPU
		{E1D6A171-7D28-4939-B758-1941B98585CD}.Debug|Any CPU.ActiveCfg = Debug|Any CPU
		{E1D6A171-7D28-4939-B758-1941B98585CD}.Debug|Any CPU.Build.0 = Debug|Any CPU
		{E1D6A171-7D28-4939-B758-1941B98585CD}.Release|Any CPU.ActiveCfg = Release|Any CPU
		{E1D6A171-7D28-4939-B758-1941B98585CD}.Release|Any CPU.Build.0 = Release|Any CPU
		{33B885FC-9F81-4A38-B7CC-4DC12A88D47B}.Debug|Any CPU.ActiveCfg = Debug|Any CPU
		{33B885FC-9F81-4A38-B7CC-4DC12A88D47B}.Debug|Any CPU.Build.0 = Debug|Any CPU
		{33B885FC-9F81-4A38-B7CC-4DC12A88D47B}.Release|Any CPU.ActiveCfg = Release|Any CPU
		{33B885FC-9F81-4A38-B7CC-4DC12A88D47B}.Release|Any CPU.Build.0 = Release|Any CPU
		{C1F8FA04-6064-42C2-90A6-E82907817E34}.Debug|Any CPU.ActiveCfg = Debug|Any CPU
		{C1F8FA04-6064-42C2-90A6-E82907817E34}.Debug|Any CPU.Build.0 = Debug|Any CPU
		{C1F8FA04-6064-42C2-90A6-E82907817E34}.Release|Any CPU.ActiveCfg = Release|Any CPU
		{C1F8FA04-6064-42C2-90A6-E82907817E34}.Release|Any CPU.Build.0 = Release|Any CPU
		{B5D7B1FF-F06F-4982-83AC-AA4F2D7AF2FB}.Debug|Any CPU.ActiveCfg = Debug|Any CPU
		{B5D7B1FF-F06F-4982-83AC-AA4F2D7AF2FB}.Debug|Any CPU.Build.0 = Debug|Any CPU
		{B5D7B1FF-F06F-4982-83AC-AA4F2D7AF2FB}.Release|Any CPU.ActiveCfg = Release|Any CPU
		{B5D7B1FF-F06F-4982-83AC-AA4F2D7AF2FB}.Release|Any CPU.Build.0 = Release|Any CPU
		{5E2BDC13-FFDD-4ED3-9D19-3975B7084408}.Debug|Any CPU.ActiveCfg = Debug|Any CPU
		{5E2BDC13-FFDD-4ED3-9D19-3975B7084408}.Debug|Any CPU.Build.0 = Debug|Any CPU
		{5E2BDC13-FFDD-4ED3-9D19-3975B7084408}.Release|Any CPU.ActiveCfg = Release|Any CPU
		{5E2BDC13-FFDD-4ED3-9D19-3975B7084408}.Release|Any CPU.Build.0 = Release|Any CPU
		{EE3A3F48-2DE4-454E-8B63-2E551E8EE04A}.Debug|Any CPU.ActiveCfg = Debug|Any CPU
		{EE3A3F48-2DE4-454E-8B63-2E551E8EE04A}.Debug|Any CPU.Build.0 = Debug|Any CPU
		{EE3A3F48-2DE4-454E-8B63-2E551E8EE04A}.Release|Any CPU.ActiveCfg = Release|Any CPU
		{EE3A3F48-2DE4-454E-8B63-2E551E8EE04A}.Release|Any CPU.Build.0 = Release|Any CPU
		{60081264-8A7A-4ABB-A50C-BA777628FC47}.Debug|Any CPU.ActiveCfg = Debug|Any CPU
		{60081264-8A7A-4ABB-A50C-BA777628FC47}.Debug|Any CPU.Build.0 = Debug|Any CPU
		{60081264-8A7A-4ABB-A50C-BA777628FC47}.Release|Any CPU.ActiveCfg = Release|Any CPU
		{60081264-8A7A-4ABB-A50C-BA777628FC47}.Release|Any CPU.Build.0 = Release|Any CPU
		{808D9C64-C0AF-4A38-8223-B81EFF621309}.Debug|Any CPU.ActiveCfg = Debug|Any CPU
		{808D9C64-C0AF-4A38-8223-B81EFF621309}.Debug|Any CPU.Build.0 = Debug|Any CPU
		{808D9C64-C0AF-4A38-8223-B81EFF621309}.Release|Any CPU.ActiveCfg = Release|Any CPU
		{808D9C64-C0AF-4A38-8223-B81EFF621309}.Release|Any CPU.Build.0 = Release|Any CPU
		{F03A07EA-BFD8-40C2-821B-EF2FAC54BCD4}.Debug|Any CPU.ActiveCfg = Debug|Any CPU
		{F03A07EA-BFD8-40C2-821B-EF2FAC54BCD4}.Debug|Any CPU.Build.0 = Debug|Any CPU
		{F03A07EA-BFD8-40C2-821B-EF2FAC54BCD4}.Release|Any CPU.ActiveCfg = Release|Any CPU
		{F03A07EA-BFD8-40C2-821B-EF2FAC54BCD4}.Release|Any CPU.Build.0 = Release|Any CPU
		{8BED1CFA-DD8E-4A47-B3AE-D4D78AD8678E}.Debug|Any CPU.ActiveCfg = Debug|Any CPU
		{8BED1CFA-DD8E-4A47-B3AE-D4D78AD8678E}.Debug|Any CPU.Build.0 = Debug|Any CPU
		{8BED1CFA-DD8E-4A47-B3AE-D4D78AD8678E}.Release|Any CPU.ActiveCfg = Release|Any CPU
		{8BED1CFA-DD8E-4A47-B3AE-D4D78AD8678E}.Release|Any CPU.Build.0 = Release|Any CPU
		{64BF33A5-56F0-474D-A88B-25F22B3B7578}.Debug|Any CPU.ActiveCfg = Debug|Any CPU
		{64BF33A5-56F0-474D-A88B-25F22B3B7578}.Debug|Any CPU.Build.0 = Debug|Any CPU
		{64BF33A5-56F0-474D-A88B-25F22B3B7578}.Release|Any CPU.ActiveCfg = Release|Any CPU
		{64BF33A5-56F0-474D-A88B-25F22B3B7578}.Release|Any CPU.Build.0 = Release|Any CPU
		{4340E373-AB9F-4A8C-9A60-6AD91AF5099E}.Debug|Any CPU.ActiveCfg = Debug|Any CPU
		{4340E373-AB9F-4A8C-9A60-6AD91AF5099E}.Debug|Any CPU.Build.0 = Debug|Any CPU
		{4340E373-AB9F-4A8C-9A60-6AD91AF5099E}.Release|Any CPU.ActiveCfg = Release|Any CPU
		{4340E373-AB9F-4A8C-9A60-6AD91AF5099E}.Release|Any CPU.Build.0 = Release|Any CPU
		{0B60B0CE-845A-404E-891E-EB22B5E78F3B}.Debug|Any CPU.ActiveCfg = Debug|Any CPU
		{0B60B0CE-845A-404E-891E-EB22B5E78F3B}.Debug|Any CPU.Build.0 = Debug|Any CPU
		{0B60B0CE-845A-404E-891E-EB22B5E78F3B}.Release|Any CPU.ActiveCfg = Release|Any CPU
		{0B60B0CE-845A-404E-891E-EB22B5E78F3B}.Release|Any CPU.Build.0 = Release|Any CPU
		{DD79431F-C374-4C1A-9666-27723F27F7FC}.Debug|Any CPU.ActiveCfg = Debug|Any CPU
		{DD79431F-C374-4C1A-9666-27723F27F7FC}.Debug|Any CPU.Build.0 = Debug|Any CPU
		{DD79431F-C374-4C1A-9666-27723F27F7FC}.Release|Any CPU.ActiveCfg = Release|Any CPU
		{DD79431F-C374-4C1A-9666-27723F27F7FC}.Release|Any CPU.Build.0 = Release|Any CPU
		{5DE2E1D9-B728-4FBC-8A6F-AD714A71F452}.Debug|Any CPU.ActiveCfg = Debug|Any CPU
		{5DE2E1D9-B728-4FBC-8A6F-AD714A71F452}.Debug|Any CPU.Build.0 = Debug|Any CPU
		{5DE2E1D9-B728-4FBC-8A6F-AD714A71F452}.Release|Any CPU.ActiveCfg = Release|Any CPU
		{5DE2E1D9-B728-4FBC-8A6F-AD714A71F452}.Release|Any CPU.Build.0 = Release|Any CPU
		{8CD7F038-0070-4058-906D-87189796F77A}.Debug|Any CPU.ActiveCfg = Debug|Any CPU
		{8CD7F038-0070-4058-906D-87189796F77A}.Debug|Any CPU.Build.0 = Debug|Any CPU
		{8CD7F038-0070-4058-906D-87189796F77A}.Release|Any CPU.ActiveCfg = Release|Any CPU
		{8CD7F038-0070-4058-906D-87189796F77A}.Release|Any CPU.Build.0 = Release|Any CPU
		{94741CF7-69B5-4B3C-BCAE-3A6A125172E5}.Debug|Any CPU.ActiveCfg = Debug|Any CPU
		{94741CF7-69B5-4B3C-BCAE-3A6A125172E5}.Debug|Any CPU.Build.0 = Debug|Any CPU
		{94741CF7-69B5-4B3C-BCAE-3A6A125172E5}.Release|Any CPU.ActiveCfg = Release|Any CPU
		{94741CF7-69B5-4B3C-BCAE-3A6A125172E5}.Release|Any CPU.Build.0 = Release|Any CPU
		{D30D1523-EC34-4470-BD36-2F196E035C8C}.Debug|Any CPU.ActiveCfg = Debug|Any CPU
		{D30D1523-EC34-4470-BD36-2F196E035C8C}.Debug|Any CPU.Build.0 = Debug|Any CPU
		{D30D1523-EC34-4470-BD36-2F196E035C8C}.Release|Any CPU.ActiveCfg = Release|Any CPU
		{D30D1523-EC34-4470-BD36-2F196E035C8C}.Release|Any CPU.Build.0 = Release|Any CPU
	EndGlobalSection
	GlobalSection(SolutionProperties) = preSolution
		HideSolutionNode = FALSE
	EndGlobalSection
	GlobalSection(ExtensibilityGlobals) = postSolution
		SolutionGuid = {716A044B-8EC5-4721-A13C-D3776F20C74D}
	EndGlobalSection
EndGlobal
